{
    "_readme": [
        "This file locks the dependencies of your project to a known state",
        "Read more about it at https://getcomposer.org/doc/01-basic-usage.md#composer-lock-the-lock-file",
        "This file is @generated automatically"
    ],
    "hash": "2a7411080a8a3d2bf3fe34aa408c6379",
    "packages": [
        {
            "name": "bower-asset/bootstrap",
            "version": "v3.3.5",
            "source": {
                "type": "git",
                "url": "https://github.com/twbs/bootstrap.git",
                "reference": "16b48259a62f576e52c903c476bd42b90ab22482"
            },
            "dist": {
                "type": "zip",
                "url": "https://api.github.com/repos/twbs/bootstrap/zipball/16b48259a62f576e52c903c476bd42b90ab22482",
                "reference": "16b48259a62f576e52c903c476bd42b90ab22482",
                "shasum": ""
            },
            "require": {
                "bower-asset/jquery": ">=1.9.1"
            },
            "type": "bower-asset-library",
            "extra": {
                "bower-asset-main": [
                    "less/bootstrap.less",
                    "dist/js/bootstrap.js"
                ],
                "bower-asset-ignore": [
                    "/.*",
                    "_config.yml",
                    "CNAME",
                    "composer.json",
                    "CONTRIBUTING.md",
                    "docs",
                    "js/tests",
                    "test-infra"
                ]
            },
            "license": [
                "MIT"
            ],
            "description": "The most popular front-end framework for developing responsive, mobile first projects on the web.",
            "keywords": [
                "css",
                "framework",
                "front-end",
                "js",
                "less",
                "mobile-first",
                "responsive",
                "web"
            ]
        },
        {
            "name": "bower-asset/jquery",
            "version": "1.11.3",
            "source": {
                "type": "git",
                "url": "https://github.com/jquery/jquery.git",
                "reference": "1472290917f17af05e98007136096784f9051fab"
            },
            "dist": {
                "type": "zip",
                "url": "https://api.github.com/repos/jquery/jquery/zipball/1472290917f17af05e98007136096784f9051fab",
                "reference": "1472290917f17af05e98007136096784f9051fab",
                "shasum": ""
            },
            "require-dev": {
                "bower-asset/qunit": "1.14.0",
                "bower-asset/requirejs": "2.1.10",
                "bower-asset/sinon": "1.8.1",
                "bower-asset/sizzle": "2.1.1-patch2"
            },
            "type": "bower-asset-library",
            "extra": {
                "bower-asset-main": "dist/jquery.js",
                "bower-asset-ignore": [
                    "**/.*",
                    "build",
                    "dist/cdn",
                    "speed",
                    "test",
                    "*.md",
                    "AUTHORS.txt",
                    "Gruntfile.js",
                    "package.json"
                ]
            },
            "license": [
                "MIT"
            ],
            "keywords": [
                "javascript",
                "jquery",
                "library"
            ]
        },
        {
            "name": "bower-asset/jquery.tablesorter",
            "version": "v2.22.5",
            "source": {
                "type": "git",
                "url": "https://github.com/Mottie/tablesorter.git",
                "reference": "3cd026ee051b2653f260ffd076a100a0d7544331"
            },
            "dist": {
                "type": "zip",
                "url": "https://api.github.com/repos/Mottie/tablesorter/zipball/3cd026ee051b2653f260ffd076a100a0d7544331",
                "reference": "3cd026ee051b2653f260ffd076a100a0d7544331",
                "shasum": ""
            },
            "require": {
                "bower-asset/jquery": ">=1.2.6"
            },
            "type": "bower-asset-library",
            "extra": {
                "bower-asset-main": [
                    "dist/js/jquery.tablesorter.combined.js"
                ]
            }
        },
        {
            "name": "bower-asset/material-design-lite",
            "version": "v1.0.2",
            "source": {
                "type": "git",
                "url": "https://github.com/google/material-design-lite.git",
                "reference": "dfb9a40bffcc41c9c45eebf25b37b2adc5e7876c"
            },
            "dist": {
                "type": "zip",
                "url": "https://api.github.com/repos/google/material-design-lite/zipball/dfb9a40bffcc41c9c45eebf25b37b2adc5e7876c",
                "reference": "dfb9a40bffcc41c9c45eebf25b37b2adc5e7876c",
                "shasum": ""
            },
            "type": "bower-asset-library",
            "extra": {
                "bower-asset-main": [
                    "material.min.css",
                    "material.min.js"
                ],
                "bower-asset-ignore": [
                    "**/.*",
                    "node_modules",
                    "bower_components",
                    "./lib/.bower_components",
                    "test",
                    "tests"
                ]
            },
            "license": [
                "Apache-2"
            ],
            "description": "Material Design Components in CSS, JS and HTML",
            "keywords": [
                "design",
                "guide",
                "material",
                "style",
                "styleguide"
            ]
        },
        {
            "name": "bower-asset/pace",
            "version": "v1.0.2",
            "source": {
                "type": "git",
                "url": "https://github.com/HubSpot/pace.git",
                "reference": "c6846cbf6b928e9903b569269fa9fbf32f2554f4"
            },
            "dist": {
                "type": "zip",
                "url": "https://api.github.com/repos/HubSpot/pace/zipball/c6846cbf6b928e9903b569269fa9fbf32f2554f4",
                "reference": "c6846cbf6b928e9903b569269fa9fbf32f2554f4",
                "shasum": ""
            },
            "type": "bower-asset-library",
            "extra": {
                "bower-asset-main": "pace.js",
                "bower-asset-ignore": [
                    ".*",
                    "Gruntfile.coffee",
                    "bower_components",
                    "docs",
                    "node_modules",
                    "package.json",
                    "templates",
                    "tests"
                ]
            },
            "license": [
                "MIT"
            ],
            "description": "Automatic page load progress bar",
            "keywords": [
                "activity",
                "ajax",
                "automatic",
                "bar",
                "client-side",
                "load",
                "loading",
                "pageload",
                "progress",
                "progress",
                "spinner"
            ]
        }
    ],
    "packages-dev": [],
    "aliases": [],
    "minimum-stability": "stable",
    "stability-flags": [],
    "prefer-stable": false,
    "prefer-lowest": false,
    "platform": [],
    "platform-dev": []
}
