{
    "_readme": [
        "This file locks the dependencies of your project to a known state",
        "Read more about it at https://getcomposer.org/doc/01-basic-usage.md#composer-lock-the-lock-file",
        "This file is @generated automatically"
    ],
    "hash": "ecf1732897aee0c46858b59b0867f43a",
    "packages": [
        {
            "name": "bower-asset/bootstrap",
            "version": "v3.3.4",
            "source": {
                "type": "git",
                "url": "https://github.com/twbs/bootstrap.git",
                "reference": "a10eb60bc0b07b747fa0c4ebd8821eb7307bd07f"
            },
            "dist": {
                "type": "zip",
                "url": "https://api.github.com/repos/twbs/bootstrap/zipball/a10eb60bc0b07b747fa0c4ebd8821eb7307bd07f",
                "reference": "a10eb60bc0b07b747fa0c4ebd8821eb7307bd07f",
                "shasum": ""
            },
            "require": {
                "bower-asset/jquery": ">=1.9.1"
            },
            "type": "bower-asset-library",
            "extra": {
                "bower-asset-main": [
                    "less/bootstrap.less",
                    "dist/css/bootstrap.css",
                    "dist/js/bootstrap.js",
                    "dist/fonts/glyphicons-halflings-regular.eot",
                    "dist/fonts/glyphicons-halflings-regular.svg",
                    "dist/fonts/glyphicons-halflings-regular.ttf",
                    "dist/fonts/glyphicons-halflings-regular.woff",
                    "dist/fonts/glyphicons-halflings-regular.woff2"
                ],
                "bower-asset-ignore": [
                    "/.*",
                    "_config.yml",
                    "CNAME",
                    "composer.json",
                    "CONTRIBUTING.md",
                    "docs",
                    "js/tests",
                    "test-infra"
                ]
            },
            "description": "The most popular front-end framework for developing responsive, mobile first projects on the web.",
            "keywords": [
                "css",
                "framework",
                "front-end",
                "js",
                "less",
                "mobile-first",
                "responsive",
                "web"
            ]
        },
        {
            "name": "bower-asset/jquery",
            "version": "1.11.3",
            "source": {
                "type": "git",
                "url": "https://github.com/jquery/jquery.git",
                "reference": "1472290917f17af05e98007136096784f9051fab"
            },
            "dist": {
                "type": "zip",
                "url": "https://api.github.com/repos/jquery/jquery/zipball/1472290917f17af05e98007136096784f9051fab",
                "reference": "1472290917f17af05e98007136096784f9051fab",
                "shasum": ""
            },
            "require-dev": {
                "bower-asset/qunit": "1.14.0",
                "bower-asset/requirejs": "2.1.10",
                "bower-asset/sinon": "1.8.1",
                "bower-asset/sizzle": "2.1.1-patch2"
            },
            "type": "bower-asset-library",
            "extra": {
                "bower-asset-main": "dist/jquery.js",
                "bower-asset-ignore": [
                    "**/.*",
                    "build",
                    "dist/cdn",
                    "speed",
                    "test",
                    "*.md",
                    "AUTHORS.txt",
                    "Gruntfile.js",
                    "package.json"
                ]
            },
            "license": [
                "MIT"
            ],
            "keywords": [
                "javascript",
                "jquery",
                "library"
            ]
        },
        {
            "name": "bower-asset/jquery.tablesorter",
            "version": "v2.21.5",
            "source": {
                "type": "git",
                "url": "https://github.com/Mottie/tablesorter.git",
                "reference": "d6794b1241e28b0a0375dd5a4e2dc75434572a28"
            },
            "dist": {
                "type": "zip",
                "url": "https://api.github.com/repos/Mottie/tablesorter/zipball/d6794b1241e28b0a0375dd5a4e2dc75434572a28",
                "reference": "d6794b1241e28b0a0375dd5a4e2dc75434572a28",
                "shasum": ""
            },
            "require": {
                "bower-asset/jquery": ">=1.2.6"
            },
            "type": "bower-asset-library",
            "extra": {
                "bower-asset-main": [
                    "dist/js/jquery.tablesorter.combined.js"
                ]
            }
        },
        {
            "name": "bower-asset/pace",
            "version": "v1.0.2",
            "source": {
                "type": "git",
                "url": "https://github.com/HubSpot/pace.git",
                "reference": "c6846cbf6b928e9903b569269fa9fbf32f2554f4"
            },
            "dist": {
                "type": "zip",
                "url": "https://api.github.com/repos/HubSpot/pace/zipball/c6846cbf6b928e9903b569269fa9fbf32f2554f4",
                "reference": "c6846cbf6b928e9903b569269fa9fbf32f2554f4",
                "shasum": ""
            },
            "type": "bower-asset-library",
            "extra": {
                "bower-asset-main": "pace.js",
                "bower-asset-ignore": [
                    ".*",
                    "Gruntfile.coffee",
                    "bower_components",
                    "docs",
                    "node_modules",
                    "package.json",
                    "templates",
                    "tests"
                ]
            },
            "license": [
                "MIT"
            ],
            "description": "Automatic page load progress bar",
            "keywords": [
                "activity",
                "ajax",
                "automatic",
                "bar",
                "client-side",
                "load",
                "loading",
                "pageload",
                "progress",
                "progress",
                "spinner"
            ]
        }
    ],
    "packages-dev": [],
    "aliases": [],
    "minimum-stability": "stable",
    "stability-flags": [],
    "prefer-stable": false,
    "prefer-lowest": false,
    "platform": [],
    "platform-dev": []
}
